
Microsoft Visual Studio Solution File, Format Version 12.00
# Visual Studio Version 17
VisualStudioVersion = 17.14.36705.20 d17.14
MinimumVisualStudioVersion = 10.0.40219.1
Project("{FAE04EC0-301F-11D3-BF4B-00C04F79EFBC}") = "DapperDemo", "DapperDemo\DapperDemo.csproj", "{415D08E0-11E9-4044-B3F7-B1804E37B418}"
EndProject
Global
	GlobalSection(SolutionConfigurationPlatforms) = preSolution
		Debug|Any CPU = Debug|Any CPU
		Release|Any CPU = Release|Any CPU
	EndGlobalSection
	GlobalSection(ProjectConfigurationPlatforms) = postSolution
		{415D08E0-11E9-4044-B3F7-B1804E37B418}.Debug|Any CPU.ActiveCfg = Debug|Any CPU
		{415D08E0-11E9-4044-B3F7-B1804E37B418}.Debug|Any CPU.Build.0 = Debug|Any CPU
		{415D08E0-11E9-4044-B3F7-B1804E37B418}.Release|Any CPU.ActiveCfg = Release|Any CPU
		{415D08E0-11E9-4044-B3F7-B1804E37B418}.Release|Any CPU.Build.0 = Release|Any CPU
	EndGlobalSection
	GlobalSection(SolutionProperties) = preSolution
		HideSolutionNode = FALSE
	EndGlobalSection
	GlobalSection(ExtensibilityGlobals) = postSolution
		SolutionGuid = {031CB271-D7D3-4D0E-BA90-5A9D07149C7D}
	EndGlobalSection
EndGlobal
